
Microsoft Visual Studio Solution File, Format Version 12.00
# Visual Studio 15
VisualStudioVersion = 15.0.28307.852
MinimumVisualStudioVersion = 10.0.40219.1
Project("{FAE04EC0-301F-11D3-BF4B-00C04F79EFBC}") = "Sens_Ruby_Recoil", "Sens_Ruby_Recoil\Sens_Ruby_Recoil.csproj", "{CAB46D2B-A496-4677-A5F0-1EBF98B42ED6}"
EndProject
Global
	GlobalSection(SolutionConfigurationPlatforms) = preSolution
		Debug|Any CPU = Debug|Any CPU
		Release|Any CPU = Release|Any CPU
	EndGlobalSection
	GlobalSection(ProjectConfigurationPlatforms) = postSolution
		{CAB46D2B-A496-4677-A5F0-1EBF98B42ED6}.Debug|Any CPU.ActiveCfg = Debug|Any CPU
		{CAB46D2B-A496-4677-A5F0-1EBF98B42ED6}.Debug|Any CPU.Build.0 = Debug|Any CPU
		{CAB46D2B-A496-4677-A5F0-1EBF98B42ED6}.Release|Any CPU.ActiveCfg = Release|Any CPU
		{CAB46D2B-A496-4677-A5F0-1EBF98B42ED6}.Release|Any CPU.Build.0 = Release|Any CPU
	EndGlobalSection
	GlobalSection(SolutionProperties) = preSolution
		HideSolutionNode = FALSE
	EndGlobalSection
	GlobalSection(ExtensibilityGlobals) = postSolution
		SolutionGuid = {64CE592E-9DEA-4665-8AD9-AE2F99B502C3}
	EndGlobalSection
EndGlobal
